// !$*UTF8*$!
{
	archiveVersion = 1;
	classes = {
	};
	objectVersion = 55;
	objects = {

/* Begin PBXBuildFile section */
		A515961026FE074B0073164C /* AppDelegate.swift in Sources */ = {isa = PBXBuildFile; fileRef = A515960F26FE074B0073164C /* AppDelegate.swift */; };
		A515961226FE074B0073164C /* SceneDelegate.swift in Sources */ = {isa = PBXBuildFile; fileRef = A515961126FE074B0073164C /* SceneDelegate.swift */; };
		A515961426FE074B0073164C /* ViewController.swift in Sources */ = {isa = PBXBuildFile; fileRef = A515961326FE074B0073164C /* ViewController.swift */; };
		A515961726FE074B0073164C /* Main.storyboard in Resources */ = {isa = PBXBuildFile; fileRef = A515961526FE074B0073164C /* Main.storyboard */; };
		A515961926FE074E0073164C /* Assets.xcassets in Resources */ = {isa = PBXBuildFile; fileRef = A515961826FE074E0073164C /* Assets.xcassets */; };
		A515961C26FE074E0073164C /* LaunchScreen.storyboard in Resources */ = {isa = PBXBuildFile; fileRef = A515961A26FE074E0073164C /* LaunchScreen.storyboard */; };
		A515964026FE07730073164C /* MoviesViewModel.swift in Sources */ = {isa = PBXBuildFile; fileRef = A515963F26FE07730073164C /* MoviesViewModel.swift */; };
		A515964126FE07730073164C /* MoviesViewModel.swift in Sources */ = {isa = PBXBuildFile; fileRef = A515963F26FE07730073164C /* MoviesViewModel.swift */; };
		A515964326FE07810073164C /* MoviesModel.swift in Sources */ = {isa = PBXBuildFile; fileRef = A515964226FE07810073164C /* MoviesModel.swift */; };
		A515964426FE07810073164C /* MoviesModel.swift in Sources */ = {isa = PBXBuildFile; fileRef = A515964226FE07810073164C /* MoviesModel.swift */; };
		A515964726FE159A0073164C /* RxBlocking in Frameworks */ = {isa = PBXBuildFile; productRef = A515964626FE159A0073164C /* RxBlocking */; };
		A515964926FE159A0073164C /* RxCocoa in Frameworks */ = {isa = PBXBuildFile; productRef = A515964826FE159A0073164C /* RxCocoa */; };
		A515964B26FE159A0073164C /* RxRelay in Frameworks */ = {isa = PBXBuildFile; productRef = A515964A26FE159A0073164C /* RxRelay */; };
		A515964D26FE159A0073164C /* RxSwift in Frameworks */ = {isa = PBXBuildFile; productRef = A515964C26FE159A0073164C /* RxSwift */; };
		A515965226FE15D40073164C /* Differentiator in Frameworks */ = {isa = PBXBuildFile; productRef = A515965126FE15D40073164C /* Differentiator */; };
		A515965426FE15D40073164C /* RxDataSources in Frameworks */ = {isa = PBXBuildFile; productRef = A515965326FE15D40073164C /* RxDataSources */; };
		A515965726FE162C0073164C /* RxSwiftExt in Frameworks */ = {isa = PBXBuildFile; productRef = A515965626FE162C0073164C /* RxSwiftExt */; };
		A5EA7ED827159F2300604443 /* MovieTableViewCell.swift in Sources */ = {isa = PBXBuildFile; fileRef = A5EA7ED627159F2300604443 /* MovieTableViewCell.swift */; };
		A5EA7ED927159F2300604443 /* MovieTableViewCell.xib in Resources */ = {isa = PBXBuildFile; fileRef = A5EA7ED727159F2300604443 /* MovieTableViewCell.xib */; };
/* End PBXBuildFile section */

/* Begin PBXContainerItemProxy section */
		A515962326FE074E0073164C /* PBXContainerItemProxy */ = {
			isa = PBXContainerItemProxy;
			containerPortal = A515960426FE074B0073164C /* Project object */;
			proxyType = 1;
			remoteGlobalIDString = A515960B26FE074B0073164C;
			remoteInfo = ReduceeeIt;
		};
		A515962D26FE074E0073164C /* PBXContainerItemProxy */ = {
			isa = PBXContainerItemProxy;
			containerPortal = A515960426FE074B0073164C /* Project object */;
			proxyType = 1;
			remoteGlobalIDString = A515960B26FE074B0073164C;
			remoteInfo = ReduceeeIt;
		};
/* End PBXContainerItemProxy section */

/* Begin PBXFileReference section */
		A515960C26FE074B0073164C /* ReduceeeIt.app */ = {isa = PBXFileReference; explicitFileType = wrapper.application; includeInIndex = 0; path = ReduceeeIt.app; sourceTree = BUILT_PRODUCTS_DIR; };
		A515960F26FE074B0073164C /* AppDelegate.swift */ = {isa = PBXFileReference; lastKnownFileType = sourcecode.swift; path = AppDelegate.swift; sourceTree = "<group>"; };
		A515961126FE074B0073164C /* SceneDelegate.swift */ = {isa = PBXFileReference; lastKnownFileType = sourcecode.swift; path = SceneDelegate.swift; sourceTree = "<group>"; };
		A515961326FE074B0073164C /* ViewController.swift */ = {isa = PBXFileReference; lastKnownFileType = sourcecode.swift; path = ViewController.swift; sourceTree = "<group>"; };
		A515961626FE074B0073164C /* Base */ = {isa = PBXFileReference; lastKnownFileType = file.storyboard; name = Base; path = Base.lproj/Main.storyboard; sourceTree = "<group>"; };
		A515961826FE074E0073164C /* Assets.xcassets */ = {isa = PBXFileReference; lastKnownFileType = folder.assetcatalog; path = Assets.xcassets; sourceTree = "<group>"; };
		A515961B26FE074E0073164C /* Base */ = {isa = PBXFileReference; lastKnownFileType = file.storyboard; name = Base; path = Base.lproj/LaunchScreen.storyboard; sourceTree = "<group>"; };
		A515961D26FE074E0073164C /* Info.plist */ = {isa = PBXFileReference; lastKnownFileType = text.plist.xml; path = Info.plist; sourceTree = "<group>"; };
		A515962226FE074E0073164C /* ReduceeeItTests.xctest */ = {isa = PBXFileReference; explicitFileType = wrapper.cfbundle; includeInIndex = 0; path = ReduceeeItTests.xctest; sourceTree = BUILT_PRODUCTS_DIR; };
		A515962C26FE074E0073164C /* ReduceeeItUITests.xctest */ = {isa = PBXFileReference; explicitFileType = wrapper.cfbundle; includeInIndex = 0; path = ReduceeeItUITests.xctest; sourceTree = BUILT_PRODUCTS_DIR; };
		A515963F26FE07730073164C /* MoviesViewModel.swift */ = {isa = PBXFileReference; lastKnownFileType = sourcecode.swift; path = MoviesViewModel.swift; sourceTree = "<group>"; };
		A515964226FE07810073164C /* MoviesModel.swift */ = {isa = PBXFileReference; lastKnownFileType = sourcecode.swift; path = MoviesModel.swift; sourceTree = "<group>"; };
		A5EA7ED627159F2300604443 /* MovieTableViewCell.swift */ = {isa = PBXFileReference; lastKnownFileType = sourcecode.swift; path = MovieTableViewCell.swift; sourceTree = "<group>"; };
		A5EA7ED727159F2300604443 /* MovieTableViewCell.xib */ = {isa = PBXFileReference; lastKnownFileType = file.xib; path = MovieTableViewCell.xib; sourceTree = "<group>"; };
/* End PBXFileReference section */

/* Begin PBXFrameworksBuildPhase section */
		A515960926FE074B0073164C /* Frameworks */ = {
			isa = PBXFrameworksBuildPhase;
			buildActionMask = 2147483647;
			files = (
				A515964B26FE159A0073164C /* RxRelay in Frameworks */,
				A515965726FE162C0073164C /* RxSwiftExt in Frameworks */,
				A515964926FE159A0073164C /* RxCocoa in Frameworks */,
				A515964D26FE159A0073164C /* RxSwift in Frameworks */,
				A515965426FE15D40073164C /* RxDataSources in Frameworks */,
				A515965226FE15D40073164C /* Differentiator in Frameworks */,
				A515964726FE159A0073164C /* RxBlocking in Frameworks */,
			);
			runOnlyForDeploymentPostprocessing = 0;
		};
		A515961F26FE074E0073164C /* Frameworks */ = {
			isa = PBXFrameworksBuildPhase;
			buildActionMask = 2147483647;
			files = (
			);
			runOnlyForDeploymentPostprocessing = 0;
		};
		A515962926FE074E0073164C /* Frameworks */ = {
			isa = PBXFrameworksBuildPhase;
			buildActionMask = 2147483647;
			files = (
			);
			runOnlyForDeploymentPostprocessing = 0;
		};
/* End PBXFrameworksBuildPhase section */

/* Begin PBXGroup section */
		A515960326FE074B0073164C = {
			isa = PBXGroup;
			children = (
				A515960E26FE074B0073164C /* MVVM */,
				A515960D26FE074B0073164C /* Products */,
			);
			sourceTree = "<group>";
		};
		A515960D26FE074B0073164C /* Products */ = {
			isa = PBXGroup;
			children = (
				A515960C26FE074B0073164C /* ReduceeeIt.app */,
				A515962226FE074E0073164C /* ReduceeeItTests.xctest */,
				A515962C26FE074E0073164C /* ReduceeeItUITests.xctest */,
			);
			name = Products;
			sourceTree = "<group>";
		};
		A515960E26FE074B0073164C /* MVVM */ = {
			isa = PBXGroup;
			children = (
				A515965826FE165C0073164C /* Movies */,
				A515960F26FE074B0073164C /* AppDelegate.swift */,
				A515961126FE074B0073164C /* SceneDelegate.swift */,
				A515961826FE074E0073164C /* Assets.xcassets */,
				A515961A26FE074E0073164C /* LaunchScreen.storyboard */,
				A515961D26FE074E0073164C /* Info.plist */,
			);
			path = MVVM;
			sourceTree = "<group>";
		};
		A515965826FE165C0073164C /* Movies */ = {
			isa = PBXGroup;
			children = (
				A515961326FE074B0073164C /* ViewController.swift */,
				A515961526FE074B0073164C /* Main.storyboard */,
				A515963F26FE07730073164C /* MoviesViewModel.swift */,
				A515964226FE07810073164C /* MoviesModel.swift */,
				A5EA7ED627159F2300604443 /* MovieTableViewCell.swift */,
				A5EA7ED727159F2300604443 /* MovieTableViewCell.xib */,
			);
			path = Movies;
			sourceTree = "<group>";
		};
/* End PBXGroup section */

/* Begin PBXNativeTarget section */
		A515960B26FE074B0073164C /* ReduceeeIt */ = {
			isa = PBXNativeTarget;
			buildConfigurationList = A515963626FE074E0073164C /* Build configuration list for PBXNativeTarget "ReduceeeIt" */;
			buildPhases = (
				A515960826FE074B0073164C /* Sources */,
				A515960926FE074B0073164C /* Frameworks */,
				A515960A26FE074B0073164C /* Resources */,
			);
			buildRules = (
			);
			dependencies = (
			);
			name = ReduceeeIt;
			packageProductDependencies = (
				A515964626FE159A0073164C /* RxBlocking */,
				A515964826FE159A0073164C /* RxCocoa */,
				A515964A26FE159A0073164C /* RxRelay */,
				A515964C26FE159A0073164C /* RxSwift */,
				A515965126FE15D40073164C /* Differentiator */,
				A515965326FE15D40073164C /* RxDataSources */,
				A515965626FE162C0073164C /* RxSwiftExt */,
			);
			productName = ReduceeeIt;
			productReference = A515960C26FE074B0073164C /* ReduceeeIt.app */;
			productType = "com.apple.product-type.application";
		};
		A515962126FE074E0073164C /* ReduceeeItTests */ = {
			isa = PBXNativeTarget;
			buildConfigurationList = A515963926FE074E0073164C /* Build configuration list for PBXNativeTarget "ReduceeeItTests" */;
			buildPhases = (
				A515961E26FE074E0073164C /* Sources */,
				A515961F26FE074E0073164C /* Frameworks */,
				A515962026FE074E0073164C /* Resources */,
			);
			buildRules = (
			);
			dependencies = (
				A515962426FE074E0073164C /* PBXTargetDependency */,
			);
			name = ReduceeeItTests;
			productName = ReduceeeItTests;
			productReference = A515962226FE074E0073164C /* ReduceeeItTests.xctest */;
			productType = "com.apple.product-type.bundle.unit-test";
		};
		A515962B26FE074E0073164C /* ReduceeeItUITests */ = {
			isa = PBXNativeTarget;
			buildConfigurationList = A515963C26FE074E0073164C /* Build configuration list for PBXNativeTarget "ReduceeeItUITests" */;
			buildPhases = (
				A515962826FE074E0073164C /* Sources */,
				A515962926FE074E0073164C /* Frameworks */,
				A515962A26FE074E0073164C /* Resources */,
			);
			buildRules = (
			);
			dependencies = (
				A515962E26FE074E0073164C /* PBXTargetDependency */,
			);
			name = ReduceeeItUITests;
			productName = ReduceeeItUITests;
			productReference = A515962C26FE074E0073164C /* ReduceeeItUITests.xctest */;
			productType = "com.apple.product-type.bundle.ui-testing";
		};
/* End PBXNativeTarget section */

/* Begin PBXProject section */
		A515960426FE074B0073164C /* Project object */ = {
			isa = PBXProject;
			attributes = {
				BuildIndependentTargetsInParallel = 1;
				LastSwiftUpdateCheck = 1300;
				LastUpgradeCheck = 1300;
				TargetAttributes = {
					A515960B26FE074B0073164C = {
						CreatedOnToolsVersion = 13.0;
					};
					A515962126FE074E0073164C = {
						CreatedOnToolsVersion = 13.0;
						TestTargetID = A515960B26FE074B0073164C;
					};
					A515962B26FE074E0073164C = {
						CreatedOnToolsVersion = 13.0;
						TestTargetID = A515960B26FE074B0073164C;
					};
				};
			};
			buildConfigurationList = A515960726FE074B0073164C /* Build configuration list for PBXProject "MVVM" */;
			compatibilityVersion = "Xcode 13.0";
			developmentRegion = en;
			hasScannedForEncodings = 0;
			knownRegions = (
				en,
				Base,
			);
			mainGroup = A515960326FE074B0073164C;
			packageReferences = (
				A515964526FE159A0073164C /* XCRemoteSwiftPackageReference "RxSwift" */,
				A515965026FE15D40073164C /* XCRemoteSwiftPackageReference "RxDataSources" */,
				A515965526FE162C0073164C /* XCRemoteSwiftPackageReference "RxSwiftExt" */,
			);
			productRefGroup = A515960D26FE074B0073164C /* Products */;
			projectDirPath = "";
			projectRoot = "";
			targets = (
				A515960B26FE074B0073164C /* ReduceeeIt */,
				A515962126FE074E0073164C /* ReduceeeItTests */,
				A515962B26FE074E0073164C /* ReduceeeItUITests */,
			);
		};
/* End PBXProject section */

/* Begin PBXResourcesBuildPhase section */
		A515960A26FE074B0073164C /* Resources */ = {
			isa = PBXResourcesBuildPhase;
			buildActionMask = 2147483647;
			files = (
				A515961C26FE074E0073164C /* LaunchScreen.storyboard in Resources */,
				A515961926FE074E0073164C /* Assets.xcassets in Resources */,
				A5EA7ED927159F2300604443 /* MovieTableViewCell.xib in Resources */,
				A515961726FE074B0073164C /* Main.storyboard in Resources */,
			);
			runOnlyForDeploymentPostprocessing = 0;
		};
		A515962026FE074E0073164C /* Resources */ = {
			isa = PBXResourcesBuildPhase;
			buildActionMask = 2147483647;
			files = (
			);
			runOnlyForDeploymentPostprocessing = 0;
		};
		A515962A26FE074E0073164C /* Resources */ = {
			isa = PBXResourcesBuildPhase;
			buildActionMask = 2147483647;
			files = (
			);
			runOnlyForDeploymentPostprocessing = 0;
		};
/* End PBXResourcesBuildPhase section */

/* Begin PBXSourcesBuildPhase section */
		A515960826FE074B0073164C /* Sources */ = {
			isa = PBXSourcesBuildPhase;
			buildActionMask = 2147483647;
			files = (
				A515961426FE074B0073164C /* ViewController.swift in Sources */,
				A515961026FE074B0073164C /* AppDelegate.swift in Sources */,
				A5EA7ED827159F2300604443 /* MovieTableViewCell.swift in Sources */,
				A515964326FE07810073164C /* MoviesModel.swift in Sources */,
				A515961226FE074B0073164C /* SceneDelegate.swift in Sources */,
				A515964026FE07730073164C /* MoviesViewModel.swift in Sources */,
			);
			runOnlyForDeploymentPostprocessing = 0;
		};
		A515961E26FE074E0073164C /* Sources */ = {
			isa = PBXSourcesBuildPhase;
			buildActionMask = 2147483647;
			files = (
				A515964126FE07730073164C /* MoviesViewModel.swift in Sources */,
				A515964426FE07810073164C /* MoviesModel.swift in Sources */,
			);
			runOnlyForDeploymentPostprocessing = 0;
		};
		A515962826FE074E0073164C /* Sources */ = {
			isa = PBXSourcesBuildPhase;
			buildActionMask = 2147483647;
			files = (
			);
			runOnlyForDeploymentPostprocessing = 0;
		};
/* End PBXSourcesBuildPhase section */

/* Begin PBXTargetDependency section */
		A515962426FE074E0073164C /* PBXTargetDependency */ = {
			isa = PBXTargetDependency;
			target = A515960B26FE074B0073164C /* ReduceeeIt */;
			targetProxy = A515962326FE074E0073164C /* PBXContainerItemProxy */;
		};
		A515962E26FE074E0073164C /* PBXTargetDependency */ = {
			isa = PBXTargetDependency;
			target = A515960B26FE074B0073164C /* ReduceeeIt */;
			targetProxy = A515962D26FE074E0073164C /* PBXContainerItemProxy */;
		};
/* End PBXTargetDependency section */

/* Begin PBXVariantGroup section */
		A515961526FE074B0073164C /* Main.storyboard */ = {
			isa = PBXVariantGroup;
			children = (
				A515961626FE074B0073164C /* Base */,
			);
			name = Main.storyboard;
			sourceTree = "<group>";
		};
		A515961A26FE074E0073164C /* LaunchScreen.storyboard */ = {
			isa = PBXVariantGroup;
			children = (
				A515961B26FE074E0073164C /* Base */,
			);
			name = LaunchScreen.storyboard;
			sourceTree = "<group>";
		};
/* End PBXVariantGroup section */

/* Begin XCBuildConfiguration section */
		A515963426FE074E0073164C /* Debug */ = {
			isa = XCBuildConfiguration;
			buildSettings = {
				ALWAYS_SEARCH_USER_PATHS = NO;
				CLANG_ANALYZER_NONNULL = YES;
				CLANG_ANALYZER_NUMBER_OBJECT_CONVERSION = YES_AGGRESSIVE;
				CLANG_CXX_LANGUAGE_STANDARD = "gnu++17";
				CLANG_CXX_LIBRARY = "libc++";
				CLANG_ENABLE_MODULES = YES;
				CLANG_ENABLE_OBJC_ARC = YES;
				CLANG_ENABLE_OBJC_WEAK = YES;
				CLANG_WARN_BLOCK_CAPTURE_AUTORELEASING = YES;
				CLANG_WARN_BOOL_CONVERSION = YES;
				CLANG_WARN_COMMA = YES;
				CLANG_WARN_CONSTANT_CONVERSION = YES;
				CLANG_WARN_DEPRECATED_OBJC_IMPLEMENTATIONS = YES;
				CLANG_WARN_DIRECT_OBJC_ISA_USAGE = YES_ERROR;
				CLANG_WARN_DOCUMENTATION_COMMENTS = YES;
				CLANG_WARN_EMPTY_BODY = YES;
				CLANG_WARN_ENUM_CONVERSION = YES;
				CLANG_WARN_INFINITE_RECURSION = YES;
				CLANG_WARN_INT_CONVERSION = YES;
				CLANG_WARN_NON_LITERAL_NULL_CONVERSION = YES;
				CLANG_WARN_OBJC_IMPLICIT_RETAIN_SELF = YES;
				CLANG_WARN_OBJC_LITERAL_CONVERSION = YES;
				CLANG_WARN_OBJC_ROOT_CLASS = YES_ERROR;
				CLANG_WARN_QUOTED_INCLUDE_IN_FRAMEWORK_HEADER = YES;
				CLANG_WARN_RANGE_LOOP_ANALYSIS = YES;
				CLANG_WARN_STRICT_PROTOTYPES = YES;
				CLANG_WARN_SUSPICIOUS_MOVE = YES;
				CLANG_WARN_UNGUARDED_AVAILABILITY = YES_AGGRESSIVE;
				CLANG_WARN_UNREACHABLE_CODE = YES;
				CLANG_WARN__DUPLICATE_METHOD_MATCH = YES;
				COPY_PHASE_STRIP = NO;
				DEBUG_INFORMATION_FORMAT = dwarf;
				ENABLE_STRICT_OBJC_MSGSEND = YES;
				ENABLE_TESTABILITY = YES;
				GCC_C_LANGUAGE_STANDARD = gnu11;
				GCC_DYNAMIC_NO_PIC = NO;
				GCC_NO_COMMON_BLOCKS = YES;
				GCC_OPTIMIZATION_LEVEL = 0;
				GCC_PREPROCESSOR_DEFINITIONS = (
					"DEBUG=1",
					"$(inherited)",
				);
				GCC_WARN_64_TO_32_BIT_CONVERSION = YES;
				GCC_WARN_ABOUT_RETURN_TYPE = YES_ERROR;
				GCC_WARN_UNDECLARED_SELECTOR = YES;
				GCC_WARN_UNINITIALIZED_AUTOS = YES_AGGRESSIVE;
				GCC_WARN_UNUSED_FUNCTION = YES;
				GCC_WARN_UNUSED_VARIABLE = YES;
				IPHONEOS_DEPLOYMENT_TARGET = 15.0;
				MTL_ENABLE_DEBUG_INFO = INCLUDE_SOURCE;
				MTL_FAST_MATH = YES;
				ONLY_ACTIVE_ARCH = YES;
				SDKROOT = iphoneos;
				SWIFT_ACTIVE_COMPILATION_CONDITIONS = DEBUG;
				SWIFT_OPTIMIZATION_LEVEL = "-Onone";
			};
			name = Debug;
		};
		A515963526FE074E0073164C /* Release */ = {
			isa = XCBuildConfiguration;
			buildSettings = {
				ALWAYS_SEARCH_USER_PATHS = NO;
				CLANG_ANALYZER_NONNULL = YES;
				CLANG_ANALYZER_NUMBER_OBJECT_CONVERSION = YES_AGGRESSIVE;
				CLANG_CXX_LANGUAGE_STANDARD = "gnu++17";
				CLANG_CXX_LIBRARY = "libc++";
				CLANG_ENABLE_MODULES = YES;
				CLANG_ENABLE_OBJC_ARC = YES;
				CLANG_ENABLE_OBJC_WEAK = YES;
				CLANG_WARN_BLOCK_CAPTURE_AUTORELEASING = YES;
				CLANG_WARN_BOOL_CONVERSION = YES;
				CLANG_WARN_COMMA = YES;
				CLANG_WARN_CONSTANT_CONVERSION = YES;
				CLANG_WARN_DEPRECATED_OBJC_IMPLEMENTATIONS = YES;
				CLANG_WARN_DIRECT_OBJC_ISA_USAGE = YES_ERROR;
				CLANG_WARN_DOCUMENTATION_COMMENTS = YES;
				CLANG_WARN_EMPTY_BODY = YES;
				CLANG_WARN_ENUM_CONVERSION = YES;
				CLANG_WARN_INFINITE_RECURSION = YES;
				CLANG_WARN_INT_CONVERSION = YES;
				CLANG_WARN_NON_LITERAL_NULL_CONVERSION = YES;
				CLANG_WARN_OBJC_IMPLICIT_RETAIN_SELF = YES;
				CLANG_WARN_OBJC_LITERAL_CONVERSION = YES;
				CLANG_WARN_OBJC_ROOT_CLASS = YES_ERROR;
				CLANG_WARN_QUOTED_INCLUDE_IN_FRAMEWORK_HEADER = YES;
				CLANG_WARN_RANGE_LOOP_ANALYSIS = YES;
				CLANG_WARN_STRICT_PROTOTYPES = YES;
				CLANG_WARN_SUSPICIOUS_MOVE = YES;
				CLANG_WARN_UNGUARDED_AVAILABILITY = YES_AGGRESSIVE;
				CLANG_WARN_UNREACHABLE_CODE = YES;
				CLANG_WARN__DUPLICATE_METHOD_MATCH = YES;
				COPY_PHASE_STRIP = NO;
				DEBUG_INFORMATION_FORMAT = "dwarf-with-dsym";
				ENABLE_NS_ASSERTIONS = NO;
				ENABLE_STRICT_OBJC_MSGSEND = YES;
				GCC_C_LANGUAGE_STANDARD = gnu11;
				GCC_NO_COMMON_BLOCKS = YES;
				GCC_WARN_64_TO_32_BIT_CONVERSION = YES;
				GCC_WARN_ABOUT_RETURN_TYPE = YES_ERROR;
				GCC_WARN_UNDECLARED_SELECTOR = YES;
				GCC_WARN_UNINITIALIZED_AUTOS = YES_AGGRESSIVE;
				GCC_WARN_UNUSED_FUNCTION = YES;
				GCC_WARN_UNUSED_VARIABLE = YES;
				IPHONEOS_DEPLOYMENT_TARGET = 15.0;
				MTL_ENABLE_DEBUG_INFO = NO;
				MTL_FAST_MATH = YES;
				SDKROOT = iphoneos;
				SWIFT_COMPILATION_MODE = wholemodule;
				SWIFT_OPTIMIZATION_LEVEL = "-O";
				VALIDATE_PRODUCT = YES;
			};
			name = Release;
		};
		A515963726FE074E0073164C /* Debug */ = {
			isa = XCBuildConfiguration;
			buildSettings = {
				ASSETCATALOG_COMPILER_APPICON_NAME = AppIcon;
				ASSETCATALOG_COMPILER_GLOBAL_ACCENT_COLOR_NAME = AccentColor;
				CODE_SIGN_STYLE = Automatic;
				CURRENT_PROJECT_VERSION = 1;
				DEVELOPMENT_TEAM = F3927U94X8;
				GENERATE_INFOPLIST_FILE = YES;
				INFOPLIST_FILE = MVVM/Info.plist;
				INFOPLIST_KEY_UIApplicationSupportsIndirectInputEvents = YES;
				INFOPLIST_KEY_UILaunchStoryboardName = LaunchScreen;
				INFOPLIST_KEY_UIMainStoryboardFile = Main;
				INFOPLIST_KEY_UISupportedInterfaceOrientations_iPad = "UIInterfaceOrientationPortrait UIInterfaceOrientationPortraitUpsideDown UIInterfaceOrientationLandscapeLeft UIInterfaceOrientationLandscapeRight";
				INFOPLIST_KEY_UISupportedInterfaceOrientations_iPhone = "UIInterfaceOrientationPortrait UIInterfaceOrientationLandscapeLeft UIInterfaceOrientationLandscapeRight";
				LD_RUNPATH_SEARCH_PATHS = (
					"$(inherited)",
					"@executable_path/Frameworks",
				);
				MARKETING_VERSION = 1.0;
				PRODUCT_BUNDLE_IDENTIFIER = com.messingAround.ReduceeeIt;
				PRODUCT_NAME = "$(TARGET_NAME)";
				SWIFT_EMIT_LOC_STRINGS = YES;
				SWIFT_VERSION = 5.0;
				TARGETED_DEVICE_FAMILY = "1,2";
			};
			name = Debug;
		};
		A515963826FE074E0073164C /* Release */ = {
			isa = XCBuildConfiguration;
			buildSettings = {
				ASSETCATALOG_COMPILER_APPICON_NAME = AppIcon;
				ASSETCATALOG_COMPILER_GLOBAL_ACCENT_COLOR_NAME = AccentColor;
				CODE_SIGN_STYLE = Automatic;
				CURRENT_PROJECT_VERSION = 1;
				DEVELOPMENT_TEAM = F3927U94X8;
				GENERATE_INFOPLIST_FILE = YES;
				INFOPLIST_FILE = MVVM/Info.plist;
				INFOPLIST_KEY_UIApplicationSupportsIndirectInputEvents = YES;
				INFOPLIST_KEY_UILaunchStoryboardName = LaunchScreen;
				INFOPLIST_KEY_UIMainStoryboardFile = Main;
				INFOPLIST_KEY_UISupportedInterfaceOrientations_iPad = "UIInterfaceOrientationPortrait UIInterfaceOrientationPortraitUpsideDown UIInterfaceOrientationLandscapeLeft UIInterfaceOrientationLandscapeRight";
				INFOPLIST_KEY_UISupportedInterfaceOrientations_iPhone = "UIInterfaceOrientationPortrait UIInterfaceOrientationLandscapeLeft UIInterfaceOrientationLandscapeRight";
				LD_RUNPATH_SEARCH_PATHS = (
					"$(inherited)",
					"@executable_path/Frameworks",
				);
				MARKETING_VERSION = 1.0;
				PRODUCT_BUNDLE_IDENTIFIER = com.messingAround.ReduceeeIt;
				PRODUCT_NAME = "$(TARGET_NAME)";
				SWIFT_EMIT_LOC_STRINGS = YES;
				SWIFT_VERSION = 5.0;
				TARGETED_DEVICE_FAMILY = "1,2";
			};
			name = Release;
		};
		A515963A26FE074E0073164C /* Debug */ = {
			isa = XCBuildConfiguration;
			buildSettings = {
				ALWAYS_EMBED_SWIFT_STANDARD_LIBRARIES = YES;
				BUNDLE_LOADER = "$(TEST_HOST)";
				CODE_SIGN_STYLE = Automatic;
				CURRENT_PROJECT_VERSION = 1;
				DEVELOPMENT_TEAM = F3927U94X8;
				GENERATE_INFOPLIST_FILE = YES;
				IPHONEOS_DEPLOYMENT_TARGET = 15.0;
				LD_RUNPATH_SEARCH_PATHS = (
					"$(inherited)",
					"@executable_path/Frameworks",
					"@loader_path/Frameworks",
				);
				MARKETING_VERSION = 1.0;
				PRODUCT_BUNDLE_IDENTIFIER = com.messingAround.ReduceeeItTests;
				PRODUCT_NAME = "$(TARGET_NAME)";
				SWIFT_EMIT_LOC_STRINGS = NO;
				SWIFT_VERSION = 5.0;
				TARGETED_DEVICE_FAMILY = "1,2";
				TEST_HOST = "$(BUILT_PRODUCTS_DIR)/ReduceeeIt.app/ReduceeeIt";
			};
			name = Debug;
		};
		A515963B26FE074E0073164C /* Release */ = {
			isa = XCBuildConfiguration;
			buildSettings = {
				ALWAYS_EMBED_SWIFT_STANDARD_LIBRARIES = YES;
				BUNDLE_LOADER = "$(TEST_HOST)";
				CODE_SIGN_STYLE = Automatic;
				CURRENT_PROJECT_VERSION = 1;
				DEVELOPMENT_TEAM = F3927U94X8;
				GENERATE_INFOPLIST_FILE = YES;
				IPHONEOS_DEPLOYMENT_TARGET = 15.0;
				LD_RUNPATH_SEARCH_PATHS = (
					"$(inherited)",
					"@executable_path/Frameworks",
					"@loader_path/Frameworks",
				);
				MARKETING_VERSION = 1.0;
				PRODUCT_BUNDLE_IDENTIFIER = com.messingAround.ReduceeeItTests;
				PRODUCT_NAME = "$(TARGET_NAME)";
				SWIFT_EMIT_LOC_STRINGS = NO;
				SWIFT_VERSION = 5.0;
				TARGETED_DEVICE_FAMILY = "1,2";
				TEST_HOST = "$(BUILT_PRODUCTS_DIR)/ReduceeeIt.app/ReduceeeIt";
			};
			name = Release;
		};
		A515963D26FE074E0073164C /* Debug */ = {
			isa = XCBuildConfiguration;
			buildSettings = {
				ALWAYS_EMBED_SWIFT_STANDARD_LIBRARIES = YES;
				CODE_SIGN_STYLE = Automatic;
				CURRENT_PROJECT_VERSION = 1;
				DEVELOPMENT_TEAM = F3927U94X8;
				GENERATE_INFOPLIST_FILE = YES;
				LD_RUNPATH_SEARCH_PATHS = (
					"$(inherited)",
					"@executable_path/Frameworks",
					"@loader_path/Frameworks",
				);
				MARKETING_VERSION = 1.0;
				PRODUCT_BUNDLE_IDENTIFIER = com.messingAround.ReduceeeItUITests;
				PRODUCT_NAME = "$(TARGET_NAME)";
				SWIFT_EMIT_LOC_STRINGS = NO;
				SWIFT_VERSION = 5.0;
				TARGETED_DEVICE_FAMILY = "1,2";
				TEST_TARGET_NAME = ReduceeeIt;
			};
			name = Debug;
		};
		A515963E26FE074E0073164C /* Release */ = {
			isa = XCBuildConfiguration;
			buildSettings = {
				ALWAYS_EMBED_SWIFT_STANDARD_LIBRARIES = YES;
				CODE_SIGN_STYLE = Automatic;
				CURRENT_PROJECT_VERSION = 1;
				DEVELOPMENT_TEAM = F3927U94X8;
				GENERATE_INFOPLIST_FILE = YES;
				LD_RUNPATH_SEARCH_PATHS = (
					"$(inherited)",
					"@executable_path/Frameworks",
					"@loader_path/Frameworks",
				);
				MARKETING_VERSION = 1.0;
				PRODUCT_BUNDLE_IDENTIFIER = com.messingAround.ReduceeeItUITests;
				PRODUCT_NAME = "$(TARGET_NAME)";
				SWIFT_EMIT_LOC_STRINGS = NO;
				SWIFT_VERSION = 5.0;
				TARGETED_DEVICE_FAMILY = "1,2";
				TEST_TARGET_NAME = ReduceeeIt;
			};
			name = Release;
		};
/* End XCBuildConfiguration section */

/* Begin XCConfigurationList section */
		A515960726FE074B0073164C /* Build configuration list for PBXProject "MVVM" */ = {
			isa = XCConfigurationList;
			buildConfigurations = (
				A515963426FE074E0073164C /* Debug */,
				A515963526FE074E0073164C /* Release */,
			);
			defaultConfigurationIsVisible = 0;
			defaultConfigurationName = Release;
		};
		A515963626FE074E0073164C /* Build configuration list for PBXNativeTarget "ReduceeeIt" */ = {
			isa = XCConfigurationList;
			buildConfigurations = (
				A515963726FE074E0073164C /* Debug */,
				A515963826FE074E0073164C /* Release */,
			);
			defaultConfigurationIsVisible = 0;
			defaultConfigurationName = Release;
		};
		A515963926FE074E0073164C /* Build configuration list for PBXNativeTarget "ReduceeeItTests" */ = {
			isa = XCConfigurationList;
			buildConfigurations = (
				A515963A26FE074E0073164C /* Debug */,
				A515963B26FE074E0073164C /* Release */,
			);
			defaultConfigurationIsVisible = 0;
			defaultConfigurationName = Release;
		};
		A515963C26FE074E0073164C /* Build configuration list for PBXNativeTarget "ReduceeeItUITests" */ = {
			isa = XCConfigurationList;
			buildConfigurations = (
				A515963D26FE074E0073164C /* Debug */,
				A515963E26FE074E0073164C /* Release */,
			);
			defaultConfigurationIsVisible = 0;
			defaultConfigurationName = Release;
		};
/* End XCConfigurationList section */

/* Begin XCRemoteSwiftPackageReference section */
		A515964526FE159A0073164C /* XCRemoteSwiftPackageReference "RxSwift" */ = {
			isa = XCRemoteSwiftPackageReference;
			repositoryURL = "https://github.com/ReactiveX/RxSwift.git";
			requirement = {
				kind = upToNextMajorVersion;
				minimumVersion = 6.0.0;
			};
		};
		A515965026FE15D40073164C /* XCRemoteSwiftPackageReference "RxDataSources" */ = {
			isa = XCRemoteSwiftPackageReference;
			repositoryURL = "https://github.com/RxSwiftCommunity/RxDataSources.git";
			requirement = {
				kind = upToNextMajorVersion;
				minimumVersion = 5.0.0;
			};
		};
		A515965526FE162C0073164C /* XCRemoteSwiftPackageReference "RxSwiftExt" */ = {
			isa = XCRemoteSwiftPackageReference;
			repositoryURL = "https://github.com/RxSwiftCommunity/RxSwiftExt";
			requirement = {
				kind = upToNextMajorVersion;
				minimumVersion = 6.0.0;
			};
		};
/* End XCRemoteSwiftPackageReference section */

/* Begin XCSwiftPackageProductDependency section */
		A515964626FE159A0073164C /* RxBlocking */ = {
			isa = XCSwiftPackageProductDependency;
			package = A515964526FE159A0073164C /* XCRemoteSwiftPackageReference "RxSwift" */;
			productName = RxBlocking;
		};
		A515964826FE159A0073164C /* RxCocoa */ = {
			isa = XCSwiftPackageProductDependency;
			package = A515964526FE159A0073164C /* XCRemoteSwiftPackageReference "RxSwift" */;
			productName = RxCocoa;
		};
		A515964A26FE159A0073164C /* RxRelay */ = {
			isa = XCSwiftPackageProductDependency;
			package = A515964526FE159A0073164C /* XCRemoteSwiftPackageReference "RxSwift" */;
			productName = RxRelay;
		};
		A515964C26FE159A0073164C /* RxSwift */ = {
			isa = XCSwiftPackageProductDependency;
			package = A515964526FE159A0073164C /* XCRemoteSwiftPackageReference "RxSwift" */;
			productName = RxSwift;
		};
		A515965126FE15D40073164C /* Differentiator */ = {
			isa = XCSwiftPackageProductDependency;
			package = A515965026FE15D40073164C /* XCRemoteSwiftPackageReference "RxDataSources" */;
			productName = Differentiator;
		};
		A515965326FE15D40073164C /* RxDataSources */ = {
			isa = XCSwiftPackageProductDependency;
			package = A515965026FE15D40073164C /* XCRemoteSwiftPackageReference "RxDataSources" */;
			productName = RxDataSources;
		};
		A515965626FE162C0073164C /* RxSwiftExt */ = {
			isa = XCSwiftPackageProductDependency;
			package = A515965526FE162C0073164C /* XCRemoteSwiftPackageReference "RxSwiftExt" */;
			productName = RxSwiftExt;
		};
/* End XCSwiftPackageProductDependency section */
	};
	rootObject = A515960426FE074B0073164C /* Project object */;
}
